<?xml version="1.0" encoding="UTF-8"?>
<CONFIG>
  <ProjectOptions>
    <Version Value="12"/>
    <PathDelim Value="\"/>
    <General>
      <Flags>
        <MainUnitHasCreateFormStatements Value="False"/>
        <MainUnitHasTitleStatement Value="False"/>
        <MainUnitHasScaledStatement Value="False"/>
        <CompatibilityMode Value="True"/>
      </Flags>
      <SessionStorage Value="InProjectDir"/>
      <Title Value="fpPS4"/>
      <UseAppBundle Value="False"/>
      <ResourceType Value="res"/>
      <Icon Value="0"/>
    </General>
    <BuildModes Count="1">
      <Item1 Name="Default" Default="True"/>
    </BuildModes>
    <PublishOptions>
      <Version Value="2"/>
      <UseFileFilters Value="True"/>
    </PublishOptions>
    <RunParams>
      <FormatVersion Value="2"/>
    </RunParams>
    <RequiredPackages Count="1">
      <Item1>
        <PackageName Value="LCL"/>
      </Item1>
    </RequiredPackages>
    <Units Count="132">
      <Unit0>
        <Filename Value="fpPS4.lpr"/>
        <IsPartOfProject Value="True"/>
      </Unit0>
      <Unit1>
        <Filename Value="chip\ps4_gpu_regs.pas"/>
        <IsPartOfProject Value="True"/>
      </Unit1>
      <Unit2>
        <Filename Value="chip\shader_dump.pas"/>
        <IsPartOfProject Value="True"/>
      </Unit2>
      <Unit3>
        <Filename Value="vulkan\vRender.pas"/>
        <IsPartOfProject Value="True"/>
      </Unit3>
      <Unit4>
        <Filename Value="vulkan\vCmdBuffer.pas"/>
        <IsPartOfProject Value="True"/>
      </Unit4>
      <Unit5>
        <Filename Value="vulkan\vBuffer.pas"/>
        <IsPartOfProject Value="True"/>
      </Unit5>
      <Unit6>
        <Filename Value="vulkan\vSampler.pas"/>
        <IsPartOfProject Value="True"/>
      </Unit6>
      <Unit7>
        <Filename Value="vulkan\vShaderManager.pas"/>
        <IsPartOfProject Value="True"/>
      </Unit7>
      <Unit8>
        <Filename Value="vulkan\vImageTiling.pas"/>
        <IsPartOfProject Value="True"/>
      </Unit8>
      <Unit9>
        <Filename Value="sys\sys_time.pas"/>
        <IsPartOfProject Value="True"/>
      </Unit9>
      <Unit10>
        <Filename Value="vulkan\vRenderPassManager.pas"/>
        <IsPartOfProject Value="True"/>
      </Unit10>
      <Unit11>
        <Filename Value="ps4_elf.pas"/>
        <IsPartOfProject Value="True"/>
      </Unit11>
      <Unit12>
        <Filename Value="chip\ps4_videodrv.pas"/>
        <IsPartOfProject Value="True"/>
      </Unit12>
      <Unit13>
        <Filename Value="vulkan\vFlip.pas"/>
        <IsPartOfProject Value="True"/>
      </Unit13>
      <Unit14>
        <Filename Value="vulkan\Vulkan.pas"/>
        <IsPartOfProject Value="True"/>
      </Unit14>
      <Unit15>
        <Filename Value="vulkan\vDevice.pas"/>
        <IsPartOfProject Value="True"/>
      </Unit15>
      <Unit16>
        <Filename Value="vulkan\vShader.pas"/>
        <IsPartOfProject Value="True"/>
      </Unit16>
      <Unit17>
        <Filename Value="chip\ps4_tiling.pas"/>
        <IsPartOfProject Value="True"/>
        <UnitName Value="ps4_Tiling"/>
      </Unit17>
      <Unit18>
        <Filename Value="chip\si_ci_vi_merged_enum.pas"/>
        <IsPartOfProject Value="True"/>
      </Unit18>
      <Unit19>
        <Filename Value="vulkan\vPipeline.pas"/>
        <IsPartOfProject Value="True"/>
      </Unit19>
      <Unit20>
        <Filename Value="chip\ps4_shader.pas"/>
        <IsPartOfProject Value="True"/>
      </Unit20>
      <Unit21>
        <Filename Value="vulkan\vImage.pas"/>
        <IsPartOfProject Value="True"/>
      </Unit21>
      <Unit22>
        <Filename Value="vulkan\vShaderExt.pas"/>
        <IsPartOfProject Value="True"/>
      </Unit22>
      <Unit23>
        <Filename Value="vulkan\vMemory.pas"/>
        <IsPartOfProject Value="True"/>
      </Unit23>
      <Unit24>
        <Filename Value="chip\ps4_pssl.pas"/>
        <IsPartOfProject Value="True"/>
      </Unit24>
      <Unit25>
        <Filename Value="vulkan\vImageManager.pas"/>
        <IsPartOfProject Value="True"/>
      </Unit25>
      <Unit26>
        <Filename Value="vulkan\vSamplerManager.pas"/>
        <IsPartOfProject Value="True"/>
      </Unit26>
      <Unit27>
        <Filename Value="vulkan\vHostBufferManager.pas"/>
        <IsPartOfProject Value="True"/>
      </Unit27>
      <Unit28>
        <Filename Value="chip\pm4defs.pas"/>
        <IsPartOfProject Value="True"/>
      </Unit28>
      <Unit29>
        <Filename Value="rtl\ntapi.pas"/>
        <IsPartOfProject Value="True"/>
      </Unit29>
      <Unit30>
        <Filename Value="sys\errno.inc"/>
        <IsPartOfProject Value="True"/>
      </Unit30>
      <Unit31>
        <Filename Value="sys\spinlock.pas"/>
        <IsPartOfProject Value="True"/>
      </Unit31>
      <Unit32>
        <Filename Value="rtl\LFQueue.pas"/>
        <IsPartOfProject Value="True"/>
      </Unit32>
      <Unit33>
        <Filename Value="sys\sce_errno.inc"/>
        <IsPartOfProject Value="True"/>
      </Unit33>
      <Unit34>
        <Filename Value="rtl\g23tree.pas"/>
        <IsPartOfProject Value="True"/>
      </Unit34>
      <Unit35>
        <Filename Value="vulkan\vPipelineLayoutManager.pas"/>
        <IsPartOfProject Value="True"/>
      </Unit35>
      <Unit36>
        <Filename Value="vulkan\vSetsPoolManager.pas"/>
        <IsPartOfProject Value="True"/>
      </Unit36>
      <Unit37>
        <Filename Value="rtl\RWLock.pas"/>
        <IsPartOfProject Value="True"/>
      </Unit37>
      <Unit38>
        <Filename Value="chip\si_ci_vi_merged_registers.pas"/>
        <IsPartOfProject Value="True"/>
      </Unit38>
      <Unit39>
        <Filename Value="chip\si_ci_vi_merged_offset.pas"/>
        <IsPartOfProject Value="True"/>
      </Unit39>
      <Unit40>
        <Filename Value="vulkan\vSetLayoutManager.pas"/>
        <IsPartOfProject Value="True"/>
      </Unit40>
      <Unit41>
        <Filename Value="sys\sys_crt.pas"/>
        <IsPartOfProject Value="True"/>
      </Unit41>
      <Unit42>
        <Filename Value="rtl\stub_manager.pas"/>
        <IsPartOfProject Value="True"/>
      </Unit42>
      <Unit43>
        <Filename Value="kernel\libsysmodule.inc"/>
        <IsPartOfProject Value="True"/>
      </Unit43>
      <Unit44>
        <Filename Value="kernel\StopNotificationReason.inc"/>
        <IsPartOfProject Value="True"/>
      </Unit44>
      <Unit45>
        <Filename Value="kernel\ps4_barrier.pas"/>
        <IsPartOfProject Value="True"/>
      </Unit45>
      <Unit46>
        <Filename Value="kernel\ps4_cond.pas"/>
        <IsPartOfProject Value="True"/>
      </Unit46>
      <Unit47>
        <Filename Value="kernel\ps4_event_flag.pas"/>
        <IsPartOfProject Value="True"/>
      </Unit47>
      <Unit48>
        <Filename Value="kernel\ps4_kernel_file.pas"/>
        <IsPartOfProject Value="True"/>
      </Unit48>
      <Unit49>
        <Filename Value="kernel\ps4_libkernel.pas"/>
        <IsPartOfProject Value="True"/>
      </Unit49>
      <Unit50>
        <Filename Value="kernel\ps4_map_mm.pas"/>
        <IsPartOfProject Value="True"/>
      </Unit50>
      <Unit51>
        <Filename Value="kernel\ps4_mutex.pas"/>
        <IsPartOfProject Value="True"/>
      </Unit51>
      <Unit52>
        <Filename Value="kernel\ps4_pthread.pas"/>
        <IsPartOfProject Value="True"/>
      </Unit52>
      <Unit53>
        <Filename Value="kernel\ps4_queue.pas"/>
        <IsPartOfProject Value="True"/>
      </Unit53>
      <Unit54>
        <Filename Value="kernel\ps4_rwlock.pas"/>
        <IsPartOfProject Value="True"/>
      </Unit54>
      <Unit55>
        <Filename Value="kernel\ps4_sema.pas"/>
        <IsPartOfProject Value="True"/>
      </Unit55>
      <Unit56>
        <Filename Value="kernel\ps4_signal.pas"/>
        <IsPartOfProject Value="True"/>
      </Unit56>
      <Unit57>
        <Filename Value="kernel\ps4_time.pas"/>
        <IsPartOfProject Value="True"/>
      </Unit57>
      <Unit58>
        <Filename Value="rtl\atomic.pas"/>
        <IsPartOfProject Value="True"/>
      </Unit58>
      <Unit59>
        <Filename Value="rtl\bittype.pas"/>
        <IsPartOfProject Value="True"/>
      </Unit59>
      <Unit60>
        <Filename Value="rtl\hamt.pas"/>
        <IsPartOfProject Value="True"/>
      </Unit60>
      <Unit61>
        <Filename Value="rtl\ps4_elf_tls.pas"/>
        <IsPartOfProject Value="True"/>
      </Unit61>
      <Unit62>
        <Filename Value="rtl\ps4_handles.pas"/>
        <IsPartOfProject Value="True"/>
      </Unit62>
      <Unit63>
        <Filename Value="rtl\seh64.pas"/>
        <IsPartOfProject Value="True"/>
      </Unit63>
      <Unit64>
        <Filename Value="src\ps4_libsceappcontent.pas"/>
        <IsPartOfProject Value="True"/>
        <UnitName Value="ps4_libSceAppContent"/>
      </Unit64>
      <Unit65>
        <Filename Value="src\ps4_libscedialogs.pas"/>
        <IsPartOfProject Value="True"/>
        <UnitName Value="ps4_libSceDialogs"/>
      </Unit65>
      <Unit66>
        <Filename Value="src\ps4_libscediscmap.pas"/>
        <IsPartOfProject Value="True"/>
        <UnitName Value="ps4_libSceDiscMap"/>
      </Unit66>
      <Unit67>
        <Filename Value="src\ps4_libscegnmdriver.pas"/>
        <IsPartOfProject Value="True"/>
        <UnitName Value="ps4_libSceGnmDriver"/>
      </Unit67>
      <Unit68>
        <Filename Value="src\ps4_libscehttp.pas"/>
        <IsPartOfProject Value="True"/>
        <UnitName Value="ps4_libSceHttp"/>
      </Unit68>
      <Unit69>
        <Filename Value="src\ps4_libsceime.pas"/>
        <IsPartOfProject Value="True"/>
        <UnitName Value="ps4_libSceIme"/>
      </Unit69>
      <Unit70>
        <Filename Value="src\ps4_libscemouse.pas"/>
        <IsPartOfProject Value="True"/>
        <UnitName Value="ps4_libSceMouse"/>
      </Unit70>
      <Unit71>
        <Filename Value="src\ps4_libscenet.pas"/>
        <IsPartOfProject Value="True"/>
        <UnitName Value="ps4_libSceNet"/>
      </Unit71>
      <Unit72>
        <Filename Value="src\ps4_libscepad.pas"/>
        <IsPartOfProject Value="True"/>
        <UnitName Value="ps4_libScePad"/>
      </Unit72>
      <Unit73>
        <Filename Value="src\ps4_libsceremoteplay.pas"/>
        <IsPartOfProject Value="True"/>
      </Unit73>
      <Unit74>
        <Filename Value="src\ps4_libscertc.pas"/>
        <IsPartOfProject Value="True"/>
        <UnitName Value="ps4_libSceRtc"/>
      </Unit74>
      <Unit75>
        <Filename Value="src\ps4_libscesavedata.pas"/>
        <IsPartOfProject Value="True"/>
        <UnitName Value="ps4_libSceSaveData"/>
      </Unit75>
      <Unit76>
        <Filename Value="src\ps4_libscesystemservice.pas"/>
        <IsPartOfProject Value="True"/>
        <UnitName Value="ps4_libSceSystemService"/>
      </Unit76>
      <Unit77>
        <Filename Value="src\ps4_libsceuserservice.pas"/>
        <IsPartOfProject Value="True"/>
        <UnitName Value="ps4_libSceUserService"/>
      </Unit77>
      <Unit78>
        <Filename Value="src\ps4_libscevideoout.pas"/>
        <IsPartOfProject Value="True"/>
        <UnitName Value="ps4_libSceVideoOut"/>
      </Unit78>
      <Unit79>
        <Filename Value="src\ajm\ajm_error.inc"/>
        <IsPartOfProject Value="True"/>
      </Unit79>
      <Unit80>
        <Filename Value="src\ajm\ps4_libsceajm.pas"/>
        <IsPartOfProject Value="True"/>
        <UnitName Value="ps4_libSceAjm"/>
      </Unit80>
      <Unit81>
        <Filename Value="src\audio\libportaudio.pas"/>
        <IsPartOfProject Value="True"/>
      </Unit81>
      <Unit82>
        <Filename Value="src\audio\ps4_libsceaudioout.pas"/>
        <IsPartOfProject Value="True"/>
        <UnitName Value="ps4_libSceAudioOut"/>
      </Unit82>
      <Unit83>
        <Filename Value="src\np\ps4_libscenpmanager.pas"/>
        <IsPartOfProject Value="True"/>
        <UnitName Value="ps4_libSceNpManager"/>
      </Unit83>
      <Unit84>
        <Filename Value="src\np\ps4_libscenpmatching2.pas"/>
        <IsPartOfProject Value="True"/>
      </Unit84>
      <Unit85>
        <Filename Value="src\np\ps4_libscenpscore.pas"/>
        <IsPartOfProject Value="True"/>
        <UnitName Value="ps4_libSceNpScore"/>
      </Unit85>
      <Unit86>
        <Filename Value="src\np\ps4_libscenpsignaling.pas"/>
        <IsPartOfProject Value="True"/>
        <UnitName Value="ps4_libSceNpSignaling"/>
      </Unit86>
      <Unit87>
        <Filename Value="src\np\ps4_libscenptrophy.pas"/>
        <IsPartOfProject Value="True"/>
        <UnitName Value="ps4_libSceNpTrophy"/>
      </Unit87>
      <Unit88>
        <Filename Value="sys\signal.inc"/>
        <IsPartOfProject Value="True"/>
      </Unit88>
      <Unit89>
        <Filename Value="sys\sys_context.pas"/>
        <IsPartOfProject Value="True"/>
      </Unit89>
      <Unit90>
        <Filename Value="rtl\mmap.pas"/>
        <IsPartOfProject Value="True"/>
      </Unit90>
      <Unit91>
        <Filename Value="src\ps4_libscescreenshot.pas"/>
        <IsPartOfProject Value="True"/>
        <UnitName Value="ps4_libSceScreenShot"/>
      </Unit91>
      <Unit92>
        <Filename Value="sys\sys_path.pas"/>
        <IsPartOfProject Value="True"/>
      </Unit92>
      <Unit93>
        <Filename Value="src\ps4_libscerudp.pas"/>
        <IsPartOfProject Value="True"/>
        <UnitName Value="ps4_libSceRudp"/>
      </Unit93>
      <Unit94>
        <Filename Value="src\ps4_libscevoice.pas"/>
        <IsPartOfProject Value="True"/>
        <UnitName Value="ps4_libSceVoice"/>
      </Unit94>
      <Unit95>
        <Filename Value="shaders\shaders.pas"/>
        <IsPartOfProject Value="True"/>
      </Unit95>
      <Unit96>
        <Filename Value="src\ps4_libscerandom.pas"/>
        <IsPartOfProject Value="True"/>
        <UnitName Value="ps4_libSceRandom"/>
      </Unit96>
      <Unit97>
        <Filename Value="kernel\ps4_pthread_key.pas"/>
        <IsPartOfProject Value="True"/>
      </Unit97>
      <Unit98>
        <Filename Value="src\param_sfo.pas"/>
        <IsPartOfProject Value="True"/>
      </Unit98>
      <Unit99>
        <Filename Value="src\inputs\xinput.pas"/>
        <IsPartOfProject Value="True"/>
        <UnitName Value="XInput"/>
      </Unit99>
      <Unit100>
        <Filename Value="sys\sys_file.pas"/>
        <IsPartOfProject Value="True"/>
      </Unit100>
      <Unit101>
        <Filename Value="sys\sys_dev.pas"/>
        <IsPartOfProject Value="True"/>
      </Unit101>
      <Unit102>
        <Filename Value="sys\sys_pthread.pas"/>
        <IsPartOfProject Value="True"/>
      </Unit102>
      <Unit103>
        <Filename Value="sys\sys_fd.pas"/>
        <IsPartOfProject Value="True"/>
      </Unit103>
      <Unit104>
        <Filename Value="src\ps4_libscenpwebapi.pas"/>
        <IsPartOfProject Value="True"/>
        <UnitName Value="ps4_libSceNpWebApi"/>
      </Unit104>
      <Unit105>
        <Filename Value="src\libcinternal\ps4_libscelibcinternal.pas"/>
        <IsPartOfProject Value="True"/>
        <UnitName Value="ps4_libSceLibcInternal"/>
      </Unit105>
      <Unit106>
        <Filename Value="src\libcinternal\ps4_atexit_internal.pas"/>
        <IsPartOfProject Value="True"/>
      </Unit106>
      <Unit107>
        <Filename Value="ps4_program.pas"/>
        <IsPartOfProject Value="True"/>
      </Unit107>
      <Unit108>
        <Filename Value="sys\sys_kernel.pas"/>
        <IsPartOfProject Value="True"/>
      </Unit108>
      <Unit109>
        <Filename Value="sys\sys_dir.pas"/>
        <IsPartOfProject Value="True"/>
      </Unit109>
      <Unit110>
        <Filename Value="src\libcinternal\ps4_mspace_internal.pas"/>
        <IsPartOfProject Value="True"/>
      </Unit110>
      <Unit111>
        <Filename Value="src\libcinternal\ps4_guard_internal.pas"/>
        <IsPartOfProject Value="True"/>
      </Unit111>
      <Unit112>
        <Filename Value="src\libcinternal\ps4_mtx_internal.pas"/>
        <IsPartOfProject Value="True"/>
      </Unit112>
      <Unit113>
        <Filename Value="src\inputs\formcontroller.pas"/>
        <IsPartOfProject Value="True"/>
        <ComponentName Value="FormControllers"/>
        <HasResources Value="True"/>
        <ResourceBaseClass Value="Form"/>
        <UnitName Value="formController"/>
      </Unit113>
      <Unit114>
        <Filename Value="src\inputs\umappableinputs.pas"/>
        <IsPartOfProject Value="True"/>
        <UnitName Value="uMappableInputs"/>
      </Unit114>
      <Unit115>
        <Filename Value="src\inputs\formbindbutton.pas"/>
        <IsPartOfProject Value="True"/>
        <ComponentName Value="FormBindButtons"/>
        <HasResources Value="True"/>
        <ResourceBaseClass Value="Form"/>
        <UnitName Value="formBindButton"/>
      </Unit115>
      <Unit116>
        <Filename Value="kernel\mm_adr_virtual.pas"/>
        <IsPartOfProject Value="True"/>
      </Unit116>
      <Unit117>
        <Filename Value="kernel\mm_adr_direct.pas"/>
        <IsPartOfProject Value="True"/>
      </Unit117>
      <Unit118>
        <Filename Value="rtl\trace_manager.pas"/>
        <IsPartOfProject Value="True"/>
      </Unit118>
      <Unit119>
        <Filename Value="kernel\mm_adr_name.pas"/>
        <IsPartOfProject Value="True"/>
      </Unit119>
      <Unit120>
        <Filename Value="kernel\ps4_pthread_attr.pas"/>
        <IsPartOfProject Value="True"/>
      </Unit120>
      <Unit121>
        <Filename Value="src\ps4_libsceavplayer.pas"/>
        <IsPartOfProject Value="True"/>
        <UnitName Value="ps4_libSceAvPlayer"/>
      </Unit121>
      <Unit122>
        <Filename Value="src\ps4_libscecomposite.pas"/>
        <IsPartOfProject Value="True"/>
        <UnitName Value="ps4_libSceComposite"/>
      </Unit122>
      <Unit123>
        <Filename Value="src\ps4_libSceSsl.pas"/>
        <IsPartOfProject Value="True"/>
      </Unit123>
      <Unit124>
        <Filename Value="src\ps4_libsceult.pas"/>
        <IsPartOfProject Value="True"/>
        <UnitName Value="ps4_libSceUlt"/>
      </Unit124>
      <Unit125>
        <Filename Value="src\ps4_libscegamelivestreaming.pas"/>
        <IsPartOfProject Value="True"/>
        <UnitName Value="ps4_libSceGameLiveStreaming"/>
      </Unit125>
      <Unit126>
        <Filename Value="src\ps4_libsceshareplay.pas"/>
        <IsPartOfProject Value="True"/>
        <UnitName Value="ps4_libSceSharePlay"/>
      </Unit126>
      <Unit127>
        <Filename Value="src\ps4_libscesyscore.pas"/>
        <IsPartOfProject Value="True"/>
        <UnitName Value="ps4_libSceSysCore"/>
      </Unit127>
      <Unit128>
        <Filename Value="src\ps4_libsceaudiodec.pas"/>
        <IsPartOfProject Value="True"/>
      </Unit128>
      <Unit129>
        <Filename Value="src\ps4_libscevideorecording.pas"/>
        <IsPartOfProject Value="True"/>
        <UnitName Value="ps4_libSceVideoRecording"/>
      </Unit129>
      <Unit130>
        <Filename Value="src\ps4_libscecontentexport.pas"/>
        <IsPartOfProject Value="True"/>
        <UnitName Value="ps4_libSceContentExport"/>
      </Unit130>
      <Unit131>
        <Filename Value="src\ps4_libsceusbd.pas"/>
        <IsPartOfProject Value="True"/>
        <UnitName Value="ps4_libSceUsbd"/>
      </Unit131>
    </Units>
  </ProjectOptions>
  <CompilerOptions>
    <Version Value="11"/>
    <PathDelim Value="\"/>
    <Target>
      <Filename Value="fpPS4"/>
    </Target>
    <SearchPaths>
      <IncludeFiles Value="$(ProjOutDir);kernel;src\ajm;sys"/>
      <Libraries Value="static"/>
      <OtherUnitFiles Value="rtl;sys;vulkan;chip;spirv;kernel;src;src\ajm;src\audio;src\np;src\playgo;shaders;src\inputs;src\libcinternal;ffmpeg"/>
      <UnitOutputDirectory Value="lib\$(TargetCPU)-$(TargetOS)"/>
    </SearchPaths>
    <Parsing>
      <SyntaxOptions>
        <IncludeAssertionCode Value="True"/>
      </SyntaxOptions>
    </Parsing>
    <CodeGeneration>
      <SmartLinkUnit Value="True"/>
      <RelocatableUnit Value="True"/>
      <TargetCPU Value="x86_64"/>
      <TargetOS Value="win64"/>
    </CodeGeneration>
    <Linking>
      <Debugging>
        <DebugInfoType Value="dsDwarf2Set"/>
      </Debugging>
      <LinkSmart Value="True"/>
    </Linking>
    <Other>
      <CustomOptions Value="-dUSE_STATIC_PORTAUDIO
-CfAVX
-CpCOREAVX
-OpCOREAVX
-Sv"/>
    </Other>
  </CompilerOptions>
  <Debugging>
    <Exceptions Count="3">
      <Item1>
        <Name Value="EAbort"/>
      </Item1>
      <Item2>
        <Name Value="ECodetoolError"/>
      </Item2>
      <Item3>
        <Name Value="EFOpenError"/>
      </Item3>
    </Exceptions>
  </Debugging>
</CONFIG>
