<?xml version="1.0" encoding="UTF-8"?>
<CONFIG>
  <ProjectOptions>
    <Version Value="12"/>
    <PathDelim Value="\"/>
    <General>
      <Flags>
        <MainUnitHasCreateFormStatements Value="False"/>
        <MainUnitHasTitleStatement Value="False"/>
        <MainUnitHasScaledStatement Value="False"/>
        <CompatibilityMode Value="True"/>
      </Flags>
      <SessionStorage Value="InProjectDir"/>
      <Title Value="pssl-spirv"/>
      <UseAppBundle Value="False"/>
      <ResourceType Value="res"/>
    </General>
    <BuildModes Count="1">
      <Item1 Name="Default" Default="True"/>
    </BuildModes>
    <PublishOptions>
      <Version Value="2"/>
      <UseFileFilters Value="True"/>
    </PublishOptions>
    <RunParams>
      <FormatVersion Value="2"/>
    </RunParams>
    <Units Count="38">
      <Unit0>
        <Filename Value="pssl-spirv.lpr"/>
        <IsPartOfProject Value="True"/>
      </Unit0>
      <Unit1>
        <Filename Value="Half16.pas"/>
        <IsPartOfProject Value="True"/>
      </Unit1>
      <Unit2>
        <Filename Value="srTypes.pas"/>
        <IsPartOfProject Value="True"/>
      </Unit2>
      <Unit3>
        <Filename Value="srConst.pas"/>
        <IsPartOfProject Value="True"/>
      </Unit3>
      <Unit4>
        <Filename Value="srRefId.pas"/>
        <IsPartOfProject Value="True"/>
      </Unit4>
      <Unit5>
        <Filename Value="srOp.pas"/>
        <IsPartOfProject Value="True"/>
      </Unit5>
      <Unit6>
        <Filename Value="srReg.pas"/>
        <IsPartOfProject Value="True"/>
      </Unit6>
      <Unit7>
        <Filename Value="SprvEmit.pas"/>
        <IsPartOfProject Value="True"/>
      </Unit7>
      <Unit8>
        <Filename Value="srAllocator.pas"/>
        <IsPartOfProject Value="True"/>
      </Unit8>
      <Unit9>
        <Filename Value="emit_sop1.pas"/>
        <IsPartOfProject Value="True"/>
        <UnitName Value="emit_SOP1"/>
      </Unit9>
      <Unit10>
        <Filename Value="emit_vop1.pas"/>
        <IsPartOfProject Value="True"/>
        <UnitName Value="emit_VOP1"/>
      </Unit10>
      <Unit11>
        <Filename Value="emit_vopc.pas"/>
        <IsPartOfProject Value="True"/>
        <UnitName Value="emit_VOPC"/>
      </Unit11>
      <Unit12>
        <Filename Value="emit_mubuf.pas"/>
        <IsPartOfProject Value="True"/>
        <UnitName Value="emit_MUBUF"/>
      </Unit12>
      <Unit13>
        <Filename Value="emit_exp.pas"/>
        <IsPartOfProject Value="True"/>
        <UnitName Value="emit_EXP"/>
      </Unit13>
      <Unit14>
        <Filename Value="emit_vintrp.pas"/>
        <IsPartOfProject Value="True"/>
        <UnitName Value="emit_VINTRP"/>
      </Unit14>
      <Unit15>
        <Filename Value="emit_smrd.pas"/>
        <IsPartOfProject Value="True"/>
        <UnitName Value="emit_SMRD"/>
      </Unit15>
      <Unit16>
        <Filename Value="emit_sop2.pas"/>
        <IsPartOfProject Value="True"/>
        <UnitName Value="emit_SOP2"/>
      </Unit16>
      <Unit17>
        <Filename Value="emit_vop2.pas"/>
        <IsPartOfProject Value="True"/>
        <UnitName Value="emit_VOP2"/>
      </Unit17>
      <Unit18>
        <Filename Value="emit_print.pas"/>
        <IsPartOfProject Value="True"/>
      </Unit18>
      <Unit19>
        <Filename Value="emit_mimg.pas"/>
        <IsPartOfProject Value="True"/>
        <UnitName Value="emit_MIMG"/>
      </Unit19>
      <Unit20>
        <Filename Value="emit_op.pas"/>
        <IsPartOfProject Value="True"/>
      </Unit20>
      <Unit21>
        <Filename Value="emit_sopp.pas"/>
        <IsPartOfProject Value="True"/>
        <UnitName Value="emit_SOPP"/>
      </Unit21>
      <Unit22>
        <Filename Value="emit_sopc.pas"/>
        <IsPartOfProject Value="True"/>
        <UnitName Value="emit_SOPC"/>
      </Unit22>
      <Unit23>
        <Filename Value="emit_post_op.pas"/>
        <IsPartOfProject Value="True"/>
      </Unit23>
      <Unit24>
        <Filename Value="srLayout.pas"/>
        <IsPartOfProject Value="True"/>
      </Unit24>
      <Unit25>
        <Filename Value="srBuffer.pas"/>
        <IsPartOfProject Value="True"/>
      </Unit25>
      <Unit26>
        <Filename Value="srVariable.pas"/>
        <IsPartOfProject Value="True"/>
      </Unit26>
      <Unit27>
        <Filename Value="srInput.pas"/>
        <IsPartOfProject Value="True"/>
      </Unit27>
      <Unit28>
        <Filename Value="srOutput.pas"/>
        <IsPartOfProject Value="True"/>
      </Unit28>
      <Unit29>
        <Filename Value="srOpUtils.pas"/>
        <IsPartOfProject Value="True"/>
      </Unit29>
      <Unit30>
        <Filename Value="srVertLayout.pas"/>
        <IsPartOfProject Value="True"/>
      </Unit30>
      <Unit31>
        <Filename Value="srFragLayout.pas"/>
        <IsPartOfProject Value="True"/>
      </Unit31>
      <Unit32>
        <Filename Value="srDecorate.pas"/>
        <IsPartOfProject Value="True"/>
      </Unit32>
      <Unit33>
        <Filename Value="emit_bin.pas"/>
        <IsPartOfProject Value="True"/>
      </Unit33>
      <Unit34>
        <Filename Value="srConfig.pas"/>
        <IsPartOfProject Value="True"/>
      </Unit34>
      <Unit35>
        <Filename Value="..\chip\ps4_shader.pas"/>
        <IsPartOfProject Value="True"/>
      </Unit35>
      <Unit36>
        <Filename Value="srInterface.pas"/>
        <IsPartOfProject Value="True"/>
      </Unit36>
      <Unit37>
        <Filename Value="emit_alloc.pas"/>
        <IsPartOfProject Value="True"/>
      </Unit37>
    </Units>
  </ProjectOptions>
  <CompilerOptions>
    <Version Value="11"/>
    <PathDelim Value="\"/>
    <Target>
      <Filename Value="pssl-spirv"/>
    </Target>
    <SearchPaths>
      <IncludeFiles Value="$(ProjOutDir)"/>
      <OtherUnitFiles Value="..;..\rtl;..\chip;..\vulkan"/>
      <UnitOutputDirectory Value="lib\$(TargetCPU)-$(TargetOS)"/>
    </SearchPaths>
    <Parsing>
      <SyntaxOptions>
        <IncludeAssertionCode Value="True"/>
      </SyntaxOptions>
    </Parsing>
    <CodeGeneration>
      <SmartLinkUnit Value="True"/>
      <RelocatableUnit Value="True"/>
    </CodeGeneration>
    <Linking>
      <Debugging>
        <DebugInfoType Value="dsDwarf2"/>
        <UseLineInfoUnit Value="False"/>
      </Debugging>
      <LinkSmart Value="True"/>
    </Linking>
  </CompilerOptions>
  <Debugging>
    <Exceptions Count="3">
      <Item1>
        <Name Value="EAbort"/>
      </Item1>
      <Item2>
        <Name Value="ECodetoolError"/>
      </Item2>
      <Item3>
        <Name Value="EFOpenError"/>
      </Item3>
    </Exceptions>
  </Debugging>
</CONFIG>
